#!r6rs ; -*- mode: scheme; coding: utf-8 -*-
;; This file is automatically generated - do not change it by hand.
(import (akku format lockfile))
(projects
  ((name "chez-srfi")
    (location (git "https://github.com/arcfide/chez-srfi"))
    (revision "73bbf95564184140242fa3d806bdb5995af42ae3"))
  ((name "struct-pack")
    (location
      (git "https://github.com/weinholt/struct-pack.git"))
    (tag "v1.1.0")
    (revision "6c583e744154e31b529445824f858f734e6ad66e")))
